// !$*UTF8*$!
{
	archiveVersion = 1;
	classes = {
	};
	objectVersion = 56;
	objects = {

/* Begin PBXBuildFile section */
		0335870A28F44BBC000F70FD /* SnapKit in Frameworks */ = {isa = PBXBuildFile; productRef = 0335870928F44BBC000F70FD /* SnapKit */; };
		034CF93A28F00AD70092ACB8 /* AppDelegate.swift in Sources */ = {isa = PBXBuildFile; fileRef = 034CF93928F00AD70092ACB8 /* AppDelegate.swift */; };
		034CF93C28F00AD70092ACB8 /* SceneDelegate.swift in Sources */ = {isa = PBXBuildFile; fileRef = 034CF93B28F00AD70092ACB8 /* SceneDelegate.swift */; };
		034CF93E28F00AD70092ACB8 /* KakaoStartViewController.swift in Sources */ = {isa = PBXBuildFile; fileRef = 034CF93D28F00AD70092ACB8 /* KakaoStartViewController.swift */; };
		034CF94128F00AD70092ACB8 /* Main.storyboard in Resources */ = {isa = PBXBuildFile; fileRef = 034CF93F28F00AD70092ACB8 /* Main.storyboard */; };
		034CF94328F00AD80092ACB8 /* Assets.xcassets in Resources */ = {isa = PBXBuildFile; fileRef = 034CF94228F00AD80092ACB8 /* Assets.xcassets */; };
		034CF94628F00AD80092ACB8 /* LaunchScreen.storyboard in Resources */ = {isa = PBXBuildFile; fileRef = 034CF94428F00AD80092ACB8 /* LaunchScreen.storyboard */; };
		034CF94E28F00C790092ACB8 /* KakaoSignUpViewController.swift in Sources */ = {isa = PBXBuildFile; fileRef = 034CF94D28F00C790092ACB8 /* KakaoSignUpViewController.swift */; };
		034CF95028F00D0E0092ACB8 /* WelcomeViewController.swift in Sources */ = {isa = PBXBuildFile; fileRef = 034CF94F28F00D0E0092ACB8 /* WelcomeViewController.swift */; };
/* End PBXBuildFile section */

/* Begin PBXFileReference section */
		034CF93628F00AD70092ACB8 /* Assignment_Kakao.app */ = {isa = PBXFileReference; explicitFileType = wrapper.application; includeInIndex = 0; path = Assignment_Kakao.app; sourceTree = BUILT_PRODUCTS_DIR; };
		034CF93928F00AD70092ACB8 /* AppDelegate.swift */ = {isa = PBXFileReference; lastKnownFileType = sourcecode.swift; path = AppDelegate.swift; sourceTree = "<group>"; };
		034CF93B28F00AD70092ACB8 /* SceneDelegate.swift */ = {isa = PBXFileReference; lastKnownFileType = sourcecode.swift; path = SceneDelegate.swift; sourceTree = "<group>"; };
		034CF93D28F00AD70092ACB8 /* KakaoStartViewController.swift */ = {isa = PBXFileReference; lastKnownFileType = sourcecode.swift; path = KakaoStartViewController.swift; sourceTree = "<group>"; };
		034CF94028F00AD70092ACB8 /* Base */ = {isa = PBXFileReference; lastKnownFileType = file.storyboard; name = Base; path = Base.lproj/Main.storyboard; sourceTree = "<group>"; };
		034CF94228F00AD80092ACB8 /* Assets.xcassets */ = {isa = PBXFileReference; lastKnownFileType = folder.assetcatalog; path = Assets.xcassets; sourceTree = "<group>"; };
		034CF94528F00AD80092ACB8 /* Base */ = {isa = PBXFileReference; lastKnownFileType = file.storyboard; name = Base; path = Base.lproj/LaunchScreen.storyboard; sourceTree = "<group>"; };
		034CF94728F00AD80092ACB8 /* Info.plist */ = {isa = PBXFileReference; lastKnownFileType = text.plist.xml; path = Info.plist; sourceTree = "<group>"; };
		034CF94D28F00C790092ACB8 /* KakaoSignUpViewController.swift */ = {isa = PBXFileReference; lastKnownFileType = sourcecode.swift; path = KakaoSignUpViewController.swift; sourceTree = "<group>"; };
		034CF94F28F00D0E0092ACB8 /* WelcomeViewController.swift */ = {isa = PBXFileReference; lastKnownFileType = sourcecode.swift; path = WelcomeViewController.swift; sourceTree = "<group>"; };
/* End PBXFileReference section */

/* Begin PBXFrameworksBuildPhase section */
		034CF93328F00AD70092ACB8 /* Frameworks */ = {
			isa = PBXFrameworksBuildPhase;
			buildActionMask = 2147483647;
			files = (
				0335870A28F44BBC000F70FD /* SnapKit in Frameworks */,
			);
			runOnlyForDeploymentPostprocessing = 0;
		};
/* End PBXFrameworksBuildPhase section */

/* Begin PBXGroup section */
		034CF92D28F00AD70092ACB8 = {
			isa = PBXGroup;
			children = (
				034CF93828F00AD70092ACB8 /* 1st_Assignment */,
				034CF93728F00AD70092ACB8 /* Products */,
			);
			sourceTree = "<group>";
		};
		034CF93728F00AD70092ACB8 /* Products */ = {
			isa = PBXGroup;
			children = (
				034CF93628F00AD70092ACB8 /* Assignment_Kakao.app */,
			);
			name = Products;
			sourceTree = "<group>";
		};
		034CF93828F00AD70092ACB8 /* 1st_Assignment */ = {
			isa = PBXGroup;
			children = (
				034CF93928F00AD70092ACB8 /* AppDelegate.swift */,
				034CF93B28F00AD70092ACB8 /* SceneDelegate.swift */,
				034CF93D28F00AD70092ACB8 /* KakaoStartViewController.swift */,
				034CF93F28F00AD70092ACB8 /* Main.storyboard */,
				034CF94228F00AD80092ACB8 /* Assets.xcassets */,
				034CF94428F00AD80092ACB8 /* LaunchScreen.storyboard */,
				034CF94728F00AD80092ACB8 /* Info.plist */,
				034CF94D28F00C790092ACB8 /* KakaoSignUpViewController.swift */,
				034CF94F28F00D0E0092ACB8 /* WelcomeViewController.swift */,
			);
			name = 1st_Assignment;
			path = Assignment_Kakao;
			sourceTree = "<group>";
		};
/* End PBXGroup section */

/* Begin PBXNativeTarget section */
		034CF93528F00AD70092ACB8 /* Assignment_Kakao */ = {
			isa = PBXNativeTarget;
			buildConfigurationList = 034CF94A28F00AD80092ACB8 /* Build configuration list for PBXNativeTarget "Assignment_Kakao" */;
			buildPhases = (
				034CF93228F00AD70092ACB8 /* Sources */,
				034CF93328F00AD70092ACB8 /* Frameworks */,
				034CF93428F00AD70092ACB8 /* Resources */,
			);
			buildRules = (
			);
			dependencies = (
			);
			name = Assignment_Kakao;
			packageProductDependencies = (
				0335870928F44BBC000F70FD /* SnapKit */,
			);
			productName = 1st_Assignment;
			productReference = 034CF93628F00AD70092ACB8 /* Assignment_Kakao.app */;
			productType = "com.apple.product-type.application";
		};
/* End PBXNativeTarget section */

/* Begin PBXProject section */
		034CF92E28F00AD70092ACB8 /* Project object */ = {
			isa = PBXProject;
			attributes = {
				BuildIndependentTargetsInParallel = 1;
				LastSwiftUpdateCheck = 1400;
				LastUpgradeCheck = 1400;
				TargetAttributes = {
					034CF93528F00AD70092ACB8 = {
						CreatedOnToolsVersion = 14.0.1;
					};
				};
			};
			buildConfigurationList = 034CF93128F00AD70092ACB8 /* Build configuration list for PBXProject "Assignment_Kakao" */;
			compatibilityVersion = "Xcode 14.0";
			developmentRegion = en;
			hasScannedForEncodings = 0;
			knownRegions = (
				en,
				Base,
			);
			mainGroup = 034CF92D28F00AD70092ACB8;
			packageReferences = (
				0335870828F44BBC000F70FD /* XCRemoteSwiftPackageReference "SnapKit" */,
			);
			productRefGroup = 034CF93728F00AD70092ACB8 /* Products */;
			projectDirPath = "";
			projectRoot = "";
			targets = (
				034CF93528F00AD70092ACB8 /* Assignment_Kakao */,
			);
		};
/* End PBXProject section */

/* Begin PBXResourcesBuildPhase section */
		034CF93428F00AD70092ACB8 /* Resources */ = {
			isa = PBXResourcesBuildPhase;
			buildActionMask = 2147483647;
			files = (
				034CF94628F00AD80092ACB8 /* LaunchScreen.storyboard in Resources */,
				034CF94328F00AD80092ACB8 /* Assets.xcassets in Resources */,
				034CF94128F00AD70092ACB8 /* Main.storyboard in Resources */,
			);
			runOnlyForDeploymentPostprocessing = 0;
		};
/* End PBXResourcesBuildPhase section */

/* Begin PBXSourcesBuildPhase section */
		034CF93228F00AD70092ACB8 /* Sources */ = {
			isa = PBXSourcesBuildPhase;
			buildActionMask = 2147483647;
			files = (
				034CF93E28F00AD70092ACB8 /* KakaoStartViewController.swift in Sources */,
				034CF95028F00D0E0092ACB8 /* WelcomeViewController.swift in Sources */,
				034CF93A28F00AD70092ACB8 /* AppDelegate.swift in Sources */,
				034CF93C28F00AD70092ACB8 /* SceneDelegate.swift in Sources */,
				034CF94E28F00C790092ACB8 /* KakaoSignUpViewController.swift in Sources */,
			);
			runOnlyForDeploymentPostprocessing = 0;
		};
/* End PBXSourcesBuildPhase section */

/* Begin PBXVariantGroup section */
		034CF93F28F00AD70092ACB8 /* Main.storyboard */ = {
			isa = PBXVariantGroup;
			children = (
				034CF94028F00AD70092ACB8 /* Base */,
			);
			name = Main.storyboard;
			sourceTree = "<group>";
		};
		034CF94428F00AD80092ACB8 /* LaunchScreen.storyboard */ = {
			isa = PBXVariantGroup;
			children = (
				034CF94528F00AD80092ACB8 /* Base */,
			);
			name = LaunchScreen.storyboard;
			sourceTree = "<group>";
		};
/* End PBXVariantGroup section */

/* Begin XCBuildConfiguration section */
		034CF94828F00AD80092ACB8 /* Debug */ = {
			isa = XCBuildConfiguration;
			buildSettings = {
				ALWAYS_SEARCH_USER_PATHS = NO;
				CLANG_ANALYZER_NONNULL = YES;
				CLANG_ANALYZER_NUMBER_OBJECT_CONVERSION = YES_AGGRESSIVE;
				CLANG_CXX_LANGUAGE_STANDARD = "gnu++20";
				CLANG_ENABLE_MODULES = YES;
				CLANG_ENABLE_OBJC_ARC = YES;
				CLANG_ENABLE_OBJC_WEAK = YES;
				CLANG_WARN_BLOCK_CAPTURE_AUTORELEASING = YES;
				CLANG_WARN_BOOL_CONVERSION = YES;
				CLANG_WARN_COMMA = YES;
				CLANG_WARN_CONSTANT_CONVERSION = YES;
				CLANG_WARN_DEPRECATED_OBJC_IMPLEMENTATIONS = YES;
				CLANG_WARN_DIRECT_OBJC_ISA_USAGE = YES_ERROR;
				CLANG_WARN_DOCUMENTATION_COMMENTS = YES;
				CLANG_WARN_EMPTY_BODY = YES;
				CLANG_WARN_ENUM_CONVERSION = YES;
				CLANG_WARN_INFINITE_RECURSION = YES;
				CLANG_WARN_INT_CONVERSION = YES;
				CLANG_WARN_NON_LITERAL_NULL_CONVERSION = YES;
				CLANG_WARN_OBJC_IMPLICIT_RETAIN_SELF = YES;
				CLANG_WARN_OBJC_LITERAL_CONVERSION = YES;
				CLANG_WARN_OBJC_ROOT_CLASS = YES_ERROR;
				CLANG_WARN_QUOTED_INCLUDE_IN_FRAMEWORK_HEADER = YES;
				CLANG_WARN_RANGE_LOOP_ANALYSIS = YES;
				CLANG_WARN_STRICT_PROTOTYPES = YES;
				CLANG_WARN_SUSPICIOUS_MOVE = YES;
				CLANG_WARN_UNGUARDED_AVAILABILITY = YES_AGGRESSIVE;
				CLANG_WARN_UNREACHABLE_CODE = YES;
				CLANG_WARN__DUPLICATE_METHOD_MATCH = YES;
				COPY_PHASE_STRIP = NO;
				DEBUG_INFORMATION_FORMAT = dwarf;
				ENABLE_STRICT_OBJC_MSGSEND = YES;
				ENABLE_TESTABILITY = YES;
				GCC_C_LANGUAGE_STANDARD = gnu11;
				GCC_DYNAMIC_NO_PIC = NO;
				GCC_NO_COMMON_BLOCKS = YES;
				GCC_OPTIMIZATION_LEVEL = 0;
				GCC_PREPROCESSOR_DEFINITIONS = (
					"DEBUG=1",
					"$(inherited)",
				);
				GCC_WARN_64_TO_32_BIT_CONVERSION = YES;
				GCC_WARN_ABOUT_RETURN_TYPE = YES_ERROR;
				GCC_WARN_UNDECLARED_SELECTOR = YES;
				GCC_WARN_UNINITIALIZED_AUTOS = YES_AGGRESSIVE;
				GCC_WARN_UNUSED_FUNCTION = YES;
				GCC_WARN_UNUSED_VARIABLE = YES;
				IPHONEOS_DEPLOYMENT_TARGET = 16.0;
				MTL_ENABLE_DEBUG_INFO = INCLUDE_SOURCE;
				MTL_FAST_MATH = YES;
				ONLY_ACTIVE_ARCH = YES;
				SDKROOT = iphoneos;
				SWIFT_ACTIVE_COMPILATION_CONDITIONS = DEBUG;
				SWIFT_OPTIMIZATION_LEVEL = "-Onone";
			};
			name = Debug;
		};
		034CF94928F00AD80092ACB8 /* Release */ = {
			isa = XCBuildConfiguration;
			buildSettings = {
				ALWAYS_SEARCH_USER_PATHS = NO;
				CLANG_ANALYZER_NONNULL = YES;
				CLANG_ANALYZER_NUMBER_OBJECT_CONVERSION = YES_AGGRESSIVE;
				CLANG_CXX_LANGUAGE_STANDARD = "gnu++20";
				CLANG_ENABLE_MODULES = YES;
				CLANG_ENABLE_OBJC_ARC = YES;
				CLANG_ENABLE_OBJC_WEAK = YES;
				CLANG_WARN_BLOCK_CAPTURE_AUTORELEASING = YES;
				CLANG_WARN_BOOL_CONVERSION = YES;
				CLANG_WARN_COMMA = YES;
				CLANG_WARN_CONSTANT_CONVERSION = YES;
				CLANG_WARN_DEPRECATED_OBJC_IMPLEMENTATIONS = YES;
				CLANG_WARN_DIRECT_OBJC_ISA_USAGE = YES_ERROR;
				CLANG_WARN_DOCUMENTATION_COMMENTS = YES;
				CLANG_WARN_EMPTY_BODY = YES;
				CLANG_WARN_ENUM_CONVERSION = YES;
				CLANG_WARN_INFINITE_RECURSION = YES;
				CLANG_WARN_INT_CONVERSION = YES;
				CLANG_WARN_NON_LITERAL_NULL_CONVERSION = YES;
				CLANG_WARN_OBJC_IMPLICIT_RETAIN_SELF = YES;
				CLANG_WARN_OBJC_LITERAL_CONVERSION = YES;
				CLANG_WARN_OBJC_ROOT_CLASS = YES_ERROR;
				CLANG_WARN_QUOTED_INCLUDE_IN_FRAMEWORK_HEADER = YES;
				CLANG_WARN_RANGE_LOOP_ANALYSIS = YES;
				CLANG_WARN_STRICT_PROTOTYPES = YES;
				CLANG_WARN_SUSPICIOUS_MOVE = YES;
				CLANG_WARN_UNGUARDED_AVAILABILITY = YES_AGGRESSIVE;
				CLANG_WARN_UNREACHABLE_CODE = YES;
				CLANG_WARN__DUPLICATE_METHOD_MATCH = YES;
				COPY_PHASE_STRIP = NO;
				DEBUG_INFORMATION_FORMAT = "dwarf-with-dsym";
				ENABLE_NS_ASSERTIONS = NO;
				ENABLE_STRICT_OBJC_MSGSEND = YES;
				GCC_C_LANGUAGE_STANDARD = gnu11;
				GCC_NO_COMMON_BLOCKS = YES;
				GCC_WARN_64_TO_32_BIT_CONVERSION = YES;
				GCC_WARN_ABOUT_RETURN_TYPE = YES_ERROR;
				GCC_WARN_UNDECLARED_SELECTOR = YES;
				GCC_WARN_UNINITIALIZED_AUTOS = YES_AGGRESSIVE;
				GCC_WARN_UNUSED_FUNCTION = YES;
				GCC_WARN_UNUSED_VARIABLE = YES;
				IPHONEOS_DEPLOYMENT_TARGET = 16.0;
				MTL_ENABLE_DEBUG_INFO = NO;
				MTL_FAST_MATH = YES;
				SDKROOT = iphoneos;
				SWIFT_COMPILATION_MODE = wholemodule;
				SWIFT_OPTIMIZATION_LEVEL = "-O";
				VALIDATE_PRODUCT = YES;
			};
			name = Release;
		};
		034CF94B28F00AD80092ACB8 /* Debug */ = {
			isa = XCBuildConfiguration;
			buildSettings = {
				ASSETCATALOG_COMPILER_APPICON_NAME = AppIcon;
				ASSETCATALOG_COMPILER_GLOBAL_ACCENT_COLOR_NAME = AccentColor;
				CODE_SIGN_STYLE = Automatic;
				CURRENT_PROJECT_VERSION = 1;
				DEVELOPMENT_TEAM = DGT9BQA4KH;
				GENERATE_INFOPLIST_FILE = YES;
				INFOPLIST_FILE = Assignment_Kakao/Info.plist;
				INFOPLIST_KEY_UIApplicationSupportsIndirectInputEvents = YES;
				INFOPLIST_KEY_UILaunchStoryboardName = LaunchScreen;
				INFOPLIST_KEY_UIMainStoryboardFile = Main;
				INFOPLIST_KEY_UISupportedInterfaceOrientations_iPad = "UIInterfaceOrientationPortrait UIInterfaceOrientationPortraitUpsideDown UIInterfaceOrientationLandscapeLeft UIInterfaceOrientationLandscapeRight";
				INFOPLIST_KEY_UISupportedInterfaceOrientations_iPhone = "UIInterfaceOrientationPortrait UIInterfaceOrientationLandscapeLeft UIInterfaceOrientationLandscapeRight";
				LD_RUNPATH_SEARCH_PATHS = (
					"$(inherited)",
					"@executable_path/Frameworks",
				);
				MARKETING_VERSION = 1.0;
				PRODUCT_BUNDLE_IDENTIFIER = sopt.Assignment_Kakao;
				PRODUCT_NAME = "$(TARGET_NAME)";
				SWIFT_EMIT_LOC_STRINGS = YES;
				SWIFT_VERSION = 5.0;
				TARGETED_DEVICE_FAMILY = "1,2";
			};
			name = Debug;
		};
		034CF94C28F00AD80092ACB8 /* Release */ = {
			isa = XCBuildConfiguration;
			buildSettings = {
				ASSETCATALOG_COMPILER_APPICON_NAME = AppIcon;
				ASSETCATALOG_COMPILER_GLOBAL_ACCENT_COLOR_NAME = AccentColor;
				CODE_SIGN_STYLE = Automatic;
				CURRENT_PROJECT_VERSION = 1;
				DEVELOPMENT_TEAM = DGT9BQA4KH;
				GENERATE_INFOPLIST_FILE = YES;
				INFOPLIST_FILE = Assignment_Kakao/Info.plist;
				INFOPLIST_KEY_UIApplicationSupportsIndirectInputEvents = YES;
				INFOPLIST_KEY_UILaunchStoryboardName = LaunchScreen;
				INFOPLIST_KEY_UIMainStoryboardFile = Main;
				INFOPLIST_KEY_UISupportedInterfaceOrientations_iPad = "UIInterfaceOrientationPortrait UIInterfaceOrientationPortraitUpsideDown UIInterfaceOrientationLandscapeLeft UIInterfaceOrientationLandscapeRight";
				INFOPLIST_KEY_UISupportedInterfaceOrientations_iPhone = "UIInterfaceOrientationPortrait UIInterfaceOrientationLandscapeLeft UIInterfaceOrientationLandscapeRight";
				LD_RUNPATH_SEARCH_PATHS = (
					"$(inherited)",
					"@executable_path/Frameworks",
				);
				MARKETING_VERSION = 1.0;
				PRODUCT_BUNDLE_IDENTIFIER = sopt.Assignment_Kakao;
				PRODUCT_NAME = "$(TARGET_NAME)";
				SWIFT_EMIT_LOC_STRINGS = YES;
				SWIFT_VERSION = 5.0;
				TARGETED_DEVICE_FAMILY = "1,2";
			};
			name = Release;
		};
/* End XCBuildConfiguration section */

/* Begin XCConfigurationList section */
		034CF93128F00AD70092ACB8 /* Build configuration list for PBXProject "Assignment_Kakao" */ = {
			isa = XCConfigurationList;
			buildConfigurations = (
				034CF94828F00AD80092ACB8 /* Debug */,
				034CF94928F00AD80092ACB8 /* Release */,
			);
			defaultConfigurationIsVisible = 0;
			defaultConfigurationName = Release;
		};
		034CF94A28F00AD80092ACB8 /* Build configuration list for PBXNativeTarget "Assignment_Kakao" */ = {
			isa = XCConfigurationList;
			buildConfigurations = (
				034CF94B28F00AD80092ACB8 /* Debug */,
				034CF94C28F00AD80092ACB8 /* Release */,
			);
			defaultConfigurationIsVisible = 0;
			defaultConfigurationName = Release;
		};
/* End XCConfigurationList section */

/* Begin XCRemoteSwiftPackageReference section */
		0335870828F44BBC000F70FD /* XCRemoteSwiftPackageReference "SnapKit" */ = {
			isa = XCRemoteSwiftPackageReference;
			repositoryURL = "https://github.com/SnapKit/SnapKit";
			requirement = {
				kind = upToNextMajorVersion;
				minimumVersion = 5.0.0;
			};
		};
/* End XCRemoteSwiftPackageReference section */

/* Begin XCSwiftPackageProductDependency section */
		0335870928F44BBC000F70FD /* SnapKit */ = {
			isa = XCSwiftPackageProductDependency;
			package = 0335870828F44BBC000F70FD /* XCRemoteSwiftPackageReference "SnapKit" */;
			productName = SnapKit;
		};
/* End XCSwiftPackageProductDependency section */
	};
	rootObject = 034CF92E28F00AD70092ACB8 /* Project object */;
}
